
Microsoft Visual Studio Solution File, Format Version 12.00
# Visual Studio Version 17
VisualStudioVersion = 17.14.36511.14 d17.14
MinimumVisualStudioVersion = 10.0.40219.1
Project("{2150E333-8FDC-42A3-9474-1A3956D46DE8}") = "Task0", "Task0", "{02EA681E-C7D8-13C7-8484-4AC65E1B71E8}"
EndProject
Project("{FAE04EC0-301F-11D3-BF4B-00C04F79EFBC}") = "Tyuiu.AytuvarovTK.Sprint4.Task0.V13", "Tyuiu.AytuvarovTK.Sprint4.Task0.V13\Tyuiu.AytuvarovTK.Sprint4.Task0.V13.csproj", "{89C35057-EE26-453E-A5FD-3AA3FB9B8F14}"
EndProject
Project("{FAE04EC0-301F-11D3-BF4B-00C04F79EFBC}") = "Tyuiu.AytuvarovTK.Sprint4.Task0.V13.Lib", "Tyuiu.AytuvarovTK.Sprint4.Task0.V13.Lib\Tyuiu.AytuvarovTK.Sprint4.Task0.V13.Lib.csproj", "{E0A061E1-0982-4918-9A0A-D07FDEF895AE}"
EndProject
Project("{FAE04EC0-301F-11D3-BF4B-00C04F79EFBC}") = "Tyuiu.AytuvarovTK.Sprint4.Task0.V13.Test", "Tyuiu.AytuvarovTK.Sprint4.Task0.V13.Test\Tyuiu.AytuvarovTK.Sprint4.Task0.V13.Test.csproj", "{4AD7DB0B-713C-4706-85CD-5A8BCE464979}"
EndProject
Project("{2150E333-8FDC-42A3-9474-1A3956D46DE8}") = "Task1", "Task1", "{AF091835-7E88-42DB-AD7E-B7183020B820}"
EndProject
Project("{FAE04EC0-301F-11D3-BF4B-00C04F79EFBC}") = "Tyuiu.AytuvarovTK.Sprint4.Task1.V21", "Tyuiu.AytuvarovTK.Sprint4.Task1.V21\Tyuiu.AytuvarovTK.Sprint4.Task1.V21.csproj", "{9A95407F-3A36-4F3B-9143-3DAEC8387895}"
EndProject
Project("{FAE04EC0-301F-11D3-BF4B-00C04F79EFBC}") = "Tyuiu.AytuvarovTK.Sprint4.Task1.V21.Lib", "Tyuiu.AytuvarovTK.Sprint4.Task1.V21.Lib\Tyuiu.AytuvarovTK.Sprint4.Task1.V21.Lib.csproj", "{4D9B0BB7-B512-4960-A9F3-08D8623703B4}"
EndProject
Project("{FAE04EC0-301F-11D3-BF4B-00C04F79EFBC}") = "Tyuiu.AytuvarovTK.Sprint4.Task1.V21.Test", "Tyuiu.AytuvarovTK.Sprint4.Task1.V21.Test\Tyuiu.AytuvarovTK.Sprint4.Task1.V21.Test.csproj", "{92D364AA-DA92-4281-AFE2-75865C083113}"
EndProject
Project("{2150E333-8FDC-42A3-9474-1A3956D46DE8}") = "Task2", "Task2", "{C5F81718-D30B-4B7F-98B5-C56E73D57A43}"
EndProject
Project("{FAE04EC0-301F-11D3-BF4B-00C04F79EFBC}") = "Tyuiu.AytuvarovTK.Sprint4.Task2.V17", "Tyuiu.AytuvarovTK.Sprint4.Task2.V17\Tyuiu.AytuvarovTK.Sprint4.Task2.V17.csproj", "{8755BA29-1CB1-4967-9B54-F84D0FF30EFF}"
EndProject
Project("{FAE04EC0-301F-11D3-BF4B-00C04F79EFBC}") = "Tyuiu.AytuvarovTK.Sprint4.Task2.V17.Lib", "Tyuiu.AytuvarovTK.Sprint4.Task2.V17.Lib\Tyuiu.AytuvarovTK.Sprint4.Task2.V17.Lib.csproj", "{21981E52-A55B-4F39-B7AE-534DFF532D4C}"
EndProject
Project("{FAE04EC0-301F-11D3-BF4B-00C04F79EFBC}") = "Tyuiu.AytuvarovTK.Sprint4.Task2.V17.Test", "Tyuiu.AytuvarovTK.Sprint4.Task2.V17.Test\Tyuiu.AytuvarovTK.Sprint4.Task2.V17.Test.csproj", "{87B04ED6-7EB7-4BFD-BE92-302B0098DDE3}"
EndProject
Project("{2150E333-8FDC-42A3-9474-1A3956D46DE8}") = "Task3", "Task3", "{C8A7FFEB-E771-460D-BF02-228B26A1D595}"
EndProject
Project("{FAE04EC0-301F-11D3-BF4B-00C04F79EFBC}") = "Tyuiu.AytuvarovTK.Sprint4.Task3.V30", "Tyuiu.AytuvarovTK.Sprint4.Task3.V30\Tyuiu.AytuvarovTK.Sprint4.Task3.V30.csproj", "{4D91C330-E64D-4514-8530-B44FAB266A20}"
EndProject
Project("{FAE04EC0-301F-11D3-BF4B-00C04F79EFBC}") = "Tyuiu.AytuvarovTK.Sprint4.Task3.V30.Lib", "Tyuiu.AytuvarovTK.Sprint4.Task3.V30.Lib\Tyuiu.AytuvarovTK.Sprint4.Task3.V30.Lib.csproj", "{4DAC7397-011B-405E-B0DB-C6CF90A1ADF8}"
EndProject
Project("{FAE04EC0-301F-11D3-BF4B-00C04F79EFBC}") = "Tyuiu.AytuvarovTK.Sprint4.Task3.V30.Test", "Tyuiu.AytuvarovTK.Sprint4.Task3.V30.Test\Tyuiu.AytuvarovTK.Sprint4.Task3.V30.Test.csproj", "{755D11C4-3616-42AD-8460-8B29C3DD3F29}"
EndProject
Global
	GlobalSection(SolutionConfigurationPlatforms) = preSolution
		Debug|Any CPU = Debug|Any CPU
		Release|Any CPU = Release|Any CPU
	EndGlobalSection
	GlobalSection(ProjectConfigurationPlatforms) = postSolution
		{89C35057-EE26-453E-A5FD-3AA3FB9B8F14}.Debug|Any CPU.ActiveCfg = Debug|Any CPU
		{89C35057-EE26-453E-A5FD-3AA3FB9B8F14}.Debug|Any CPU.Build.0 = Debug|Any CPU
		{89C35057-EE26-453E-A5FD-3AA3FB9B8F14}.Release|Any CPU.ActiveCfg = Release|Any CPU
		{89C35057-EE26-453E-A5FD-3AA3FB9B8F14}.Release|Any CPU.Build.0 = Release|Any CPU
		{E0A061E1-0982-4918-9A0A-D07FDEF895AE}.Debug|Any CPU.ActiveCfg = Debug|Any CPU
		{E0A061E1-0982-4918-9A0A-D07FDEF895AE}.Debug|Any CPU.Build.0 = Debug|Any CPU
		{E0A061E1-0982-4918-9A0A-D07FDEF895AE}.Release|Any CPU.ActiveCfg = Release|Any CPU
		{E0A061E1-0982-4918-9A0A-D07FDEF895AE}.Release|Any CPU.Build.0 = Release|Any CPU
		{4AD7DB0B-713C-4706-85CD-5A8BCE464979}.Debug|Any CPU.ActiveCfg = Debug|Any CPU
		{4AD7DB0B-713C-4706-85CD-5A8BCE464979}.Debug|Any CPU.Build.0 = Debug|Any CPU
		{4AD7DB0B-713C-4706-85CD-5A8BCE464979}.Release|Any CPU.ActiveCfg = Release|Any CPU
		{4AD7DB0B-713C-4706-85CD-5A8BCE464979}.Release|Any CPU.Build.0 = Release|Any CPU
		{9A95407F-3A36-4F3B-9143-3DAEC8387895}.Debug|Any CPU.ActiveCfg = Debug|Any CPU
		{9A95407F-3A36-4F3B-9143-3DAEC8387895}.Debug|Any CPU.Build.0 = Debug|Any CPU
		{9A95407F-3A36-4F3B-9143-3DAEC8387895}.Release|Any CPU.ActiveCfg = Release|Any CPU
		{9A95407F-3A36-4F3B-9143-3DAEC8387895}.Release|Any CPU.Build.0 = Release|Any CPU
		{4D9B0BB7-B512-4960-A9F3-08D8623703B4}.Debug|Any CPU.ActiveCfg = Debug|Any CPU
		{4D9B0BB7-B512-4960-A9F3-08D8623703B4}.Debug|Any CPU.Build.0 = Debug|Any CPU
		{4D9B0BB7-B512-4960-A9F3-08D8623703B4}.Release|Any CPU.ActiveCfg = Release|Any CPU
		{4D9B0BB7-B512-4960-A9F3-08D8623703B4}.Release|Any CPU.Build.0 = Release|Any CPU
		{92D364AA-DA92-4281-AFE2-75865C083113}.Debug|Any CPU.ActiveCfg = Debug|Any CPU
		{92D364AA-DA92-4281-AFE2-75865C083113}.Debug|Any CPU.Build.0 = Debug|Any CPU
		{92D364AA-DA92-4281-AFE2-75865C083113}.Release|Any CPU.ActiveCfg = Release|Any CPU
		{92D364AA-DA92-4281-AFE2-75865C083113}.Release|Any CPU.Build.0 = Release|Any CPU
		{8755BA29-1CB1-4967-9B54-F84D0FF30EFF}.Debug|Any CPU.ActiveCfg = Debug|Any CPU
		{8755BA29-1CB1-4967-9B54-F84D0FF30EFF}.Debug|Any CPU.Build.0 = Debug|Any CPU
		{8755BA29-1CB1-4967-9B54-F84D0FF30EFF}.Release|Any CPU.ActiveCfg = Release|Any CPU
		{8755BA29-1CB1-4967-9B54-F84D0FF30EFF}.Release|Any CPU.Build.0 = Release|Any CPU
		{21981E52-A55B-4F39-B7AE-534DFF532D4C}.Debug|Any CPU.ActiveCfg = Debug|Any CPU
		{21981E52-A55B-4F39-B7AE-534DFF532D4C}.Debug|Any CPU.Build.0 = Debug|Any CPU
		{21981E52-A55B-4F39-B7AE-534DFF532D4C}.Release|Any CPU.ActiveCfg = Release|Any CPU
		{21981E52-A55B-4F39-B7AE-534DFF532D4C}.Release|Any CPU.Build.0 = Release|Any CPU
		{87B04ED6-7EB7-4BFD-BE92-302B0098DDE3}.Debug|Any CPU.ActiveCfg = Debug|Any CPU
		{87B04ED6-7EB7-4BFD-BE92-302B0098DDE3}.Debug|Any CPU.Build.0 = Debug|Any CPU
		{87B04ED6-7EB7-4BFD-BE92-302B0098DDE3}.Release|Any CPU.ActiveCfg = Release|Any CPU
		{87B04ED6-7EB7-4BFD-BE92-302B0098DDE3}.Release|Any CPU.Build.0 = Release|Any CPU
		{4D91C330-E64D-4514-8530-B44FAB266A20}.Debug|Any CPU.ActiveCfg = Debug|Any CPU
		{4D91C330-E64D-4514-8530-B44FAB266A20}.Debug|Any CPU.Build.0 = Debug|Any CPU
		{4D91C330-E64D-4514-8530-B44FAB266A20}.Release|Any CPU.ActiveCfg = Release|Any CPU
		{4D91C330-E64D-4514-8530-B44FAB266A20}.Release|Any CPU.Build.0 = Release|Any CPU
		{4DAC7397-011B-405E-B0DB-C6CF90A1ADF8}.Debug|Any CPU.ActiveCfg = Debug|Any CPU
		{4DAC7397-011B-405E-B0DB-C6CF90A1ADF8}.Debug|Any CPU.Build.0 = Debug|Any CPU
		{4DAC7397-011B-405E-B0DB-C6CF90A1ADF8}.Release|Any CPU.ActiveCfg = Release|Any CPU
		{4DAC7397-011B-405E-B0DB-C6CF90A1ADF8}.Release|Any CPU.Build.0 = Release|Any CPU
		{755D11C4-3616-42AD-8460-8B29C3DD3F29}.Debug|Any CPU.ActiveCfg = Debug|Any CPU
		{755D11C4-3616-42AD-8460-8B29C3DD3F29}.Debug|Any CPU.Build.0 = Debug|Any CPU
		{755D11C4-3616-42AD-8460-8B29C3DD3F29}.Release|Any CPU.ActiveCfg = Release|Any CPU
		{755D11C4-3616-42AD-8460-8B29C3DD3F29}.Release|Any CPU.Build.0 = Release|Any CPU
	EndGlobalSection
	GlobalSection(SolutionProperties) = preSolution
		HideSolutionNode = FALSE
	EndGlobalSection
	GlobalSection(NestedProjects) = preSolution
		{89C35057-EE26-453E-A5FD-3AA3FB9B8F14} = {02EA681E-C7D8-13C7-8484-4AC65E1B71E8}
		{E0A061E1-0982-4918-9A0A-D07FDEF895AE} = {02EA681E-C7D8-13C7-8484-4AC65E1B71E8}
		{4AD7DB0B-713C-4706-85CD-5A8BCE464979} = {02EA681E-C7D8-13C7-8484-4AC65E1B71E8}
		{9A95407F-3A36-4F3B-9143-3DAEC8387895} = {AF091835-7E88-42DB-AD7E-B7183020B820}
		{4D9B0BB7-B512-4960-A9F3-08D8623703B4} = {AF091835-7E88-42DB-AD7E-B7183020B820}
		{92D364AA-DA92-4281-AFE2-75865C083113} = {AF091835-7E88-42DB-AD7E-B7183020B820}
		{8755BA29-1CB1-4967-9B54-F84D0FF30EFF} = {C5F81718-D30B-4B7F-98B5-C56E73D57A43}
		{21981E52-A55B-4F39-B7AE-534DFF532D4C} = {C5F81718-D30B-4B7F-98B5-C56E73D57A43}
		{87B04ED6-7EB7-4BFD-BE92-302B0098DDE3} = {C5F81718-D30B-4B7F-98B5-C56E73D57A43}
		{4D91C330-E64D-4514-8530-B44FAB266A20} = {C8A7FFEB-E771-460D-BF02-228B26A1D595}
		{4DAC7397-011B-405E-B0DB-C6CF90A1ADF8} = {C8A7FFEB-E771-460D-BF02-228B26A1D595}
		{755D11C4-3616-42AD-8460-8B29C3DD3F29} = {C8A7FFEB-E771-460D-BF02-228B26A1D595}
	EndGlobalSection
	GlobalSection(ExtensibilityGlobals) = postSolution
		SolutionGuid = {4BF5AF37-8F1F-45C2-A867-57BE6345112C}
	EndGlobalSection
EndGlobal
