
Microsoft Visual Studio Solution File, Format Version 12.00
# Visual Studio Version 17
VisualStudioVersion = 17.14.36511.14
MinimumVisualStudioVersion = 10.0.40219.1
Project("{2150E333-8FDC-42A3-9474-1A3956D46DE8}") = "Task0", "Task0", "{02EA681E-C7D8-13C7-8484-4AC65E1B71E8}"
EndProject
Project("{FAE04EC0-301F-11D3-BF4B-00C04F79EFBC}") = "Tyuiu.AytuvarovTK.Sprint4.Task0.V13", "Tyuiu.AytuvarovTK.Sprint4.Task0.V13\Tyuiu.AytuvarovTK.Sprint4.Task0.V13.csproj", "{89C35057-EE26-453E-A5FD-3AA3FB9B8F14}"
EndProject
Project("{FAE04EC0-301F-11D3-BF4B-00C04F79EFBC}") = "Tyuiu.AytuvarovTK.Sprint4.Task0.V13.Lib", "Tyuiu.AytuvarovTK.Sprint4.Task0.V13.Lib\Tyuiu.AytuvarovTK.Sprint4.Task0.V13.Lib.csproj", "{E0A061E1-0982-4918-9A0A-D07FDEF895AE}"
EndProject
Project("{FAE04EC0-301F-11D3-BF4B-00C04F79EFBC}") = "Tyuiu.AytuvarovTK.Sprint4.Task0.V13.Test", "Tyuiu.AytuvarovTK.Sprint4.Task0.V13.Test\Tyuiu.AytuvarovTK.Sprint4.Task0.V13.Test.csproj", "{4AD7DB0B-713C-4706-85CD-5A8BCE464979}"
EndProject
Project("{2150E333-8FDC-42A3-9474-1A3956D46DE8}") = "Task1", "Task1", "{AF091835-7E88-42DB-AD7E-B7183020B820}"
EndProject
Project("{FAE04EC0-301F-11D3-BF4B-00C04F79EFBC}") = "Tyuiu.AytuvarovTK.Sprint4.Task1.V21", "Tyuiu.AytuvarovTK.Sprint4.Task1.V21\Tyuiu.AytuvarovTK.Sprint4.Task1.V21.csproj", "{9A95407F-3A36-4F3B-9143-3DAEC8387895}"
EndProject
Project("{FAE04EC0-301F-11D3-BF4B-00C04F79EFBC}") = "Tyuiu.AytuvarovTK.Sprint4.Task1.V21.Lib", "Tyuiu.AytuvarovTK.Sprint4.Task1.V21.Lib\Tyuiu.AytuvarovTK.Sprint4.Task1.V21.Lib.csproj", "{4D9B0BB7-B512-4960-A9F3-08D8623703B4}"
EndProject
Project("{FAE04EC0-301F-11D3-BF4B-00C04F79EFBC}") = "Tyuiu.AytuvarovTK.Sprint4.Task1.V21.Test", "Tyuiu.AytuvarovTK.Sprint4.Task1.V21.Test\Tyuiu.AytuvarovTK.Sprint4.Task1.V21.Test.csproj", "{92D364AA-DA92-4281-AFE2-75865C083113}"
EndProject
Project("{2150E333-8FDC-42A3-9474-1A3956D46DE8}") = "Task2", "Task2", "{C5F81718-D30B-4B7F-98B5-C56E73D57A43}"
EndProject
Project("{FAE04EC0-301F-11D3-BF4B-00C04F79EFBC}") = "Tyuiu.AytuvarovTK.Sprint4.Task2.V17", "Tyuiu.AytuvarovTK.Sprint4.Task2.V17\Tyuiu.AytuvarovTK.Sprint4.Task2.V17.csproj", "{8755BA29-1CB1-4967-9B54-F84D0FF30EFF}"
EndProject
Project("{FAE04EC0-301F-11D3-BF4B-00C04F79EFBC}") = "Tyuiu.AytuvarovTK.Sprint4.Task2.V17.Lib", "Tyuiu.AytuvarovTK.Sprint4.Task2.V17.Lib\Tyuiu.AytuvarovTK.Sprint4.Task2.V17.Lib.csproj", "{21981E52-A55B-4F39-B7AE-534DFF532D4C}"
EndProject
Project("{FAE04EC0-301F-11D3-BF4B-00C04F79EFBC}") = "Tyuiu.AytuvarovTK.Sprint4.Task2.V17.Test", "Tyuiu.AytuvarovTK.Sprint4.Task2.V17.Test\Tyuiu.AytuvarovTK.Sprint4.Task2.V17.Test.csproj", "{87B04ED6-7EB7-4BFD-BE92-302B0098DDE3}"
EndProject
Project("{2150E333-8FDC-42A3-9474-1A3956D46DE8}") = "Task3", "Task3", "{C8A7FFEB-E771-460D-BF02-228B26A1D595}"
EndProject
Project("{FAE04EC0-301F-11D3-BF4B-00C04F79EFBC}") = "Tyuiu.AytuvarovTK.Sprint4.Task3.V9", "Tyuiu.AytuvarovTK.Sprint4.Task3.V9\Tyuiu.AytuvarovTK.Sprint4.Task3.V9.csproj", "{C0E2B144-CF6C-4F8D-BB21-BCF94D736722}"
EndProject
Project("{FAE04EC0-301F-11D3-BF4B-00C04F79EFBC}") = "Tyuiu.AytuvarovTK.Sprint4.Task3.V9.Lib", "Tyuiu.AytuvarovTK.Sprint4.Task3.V9.Lib\Tyuiu.AytuvarovTK.Sprint4.Task3.V9.Lib.csproj", "{CE8E6AA5-B165-4B48-A2A1-FD77E01360D0}"
EndProject
Project("{FAE04EC0-301F-11D3-BF4B-00C04F79EFBC}") = "Tyuiu.AytuvarovTK.Sprint4.Task3.V9.Test", "Tyuiu.AytuvarovTK.Sprint4.Task3.V9.Test\Tyuiu.AytuvarovTK.Sprint4.Task3.V9.Test.csproj", "{B50F1456-5B45-4CA1-8A98-F0BB4D363D57}"
EndProject
Project("{2150E333-8FDC-42A3-9474-1A3956D46DE8}") = "Task4", "Task4", "{2D64229B-8F25-4FB0-9F43-DAC6BCEA21CB}"
EndProject
Project("{FAE04EC0-301F-11D3-BF4B-00C04F79EFBC}") = "Tyuiu.AytuvarovTK.Sprint4.Task4.V8", "Tyuiu.AytuvarovTK.Sprint4.Task4.V8\Tyuiu.AytuvarovTK.Sprint4.Task4.V8.csproj", "{55319C5C-EB87-490C-BA63-A8C6E7C00F3E}"
EndProject
Project("{FAE04EC0-301F-11D3-BF4B-00C04F79EFBC}") = "Tyuiu.AytuvarovTK.Sprint4.Task4.V8.Lib", "Tyuiu.AytuvarovTK.Sprint4.Task4.V8.Lib\Tyuiu.AytuvarovTK.Sprint4.Task4.V8.Lib.csproj", "{8BB73DD4-74A1-4429-A91F-193ED8D2E8F9}"
EndProject
Project("{FAE04EC0-301F-11D3-BF4B-00C04F79EFBC}") = "Tyuiu.AytuvarovTK.Sprint4.Task4.V8.Test", "Tyuiu.AytuvarovTK.Sprint4.Task4.V8.Test\Tyuiu.AytuvarovTK.Sprint4.Task4.V8.Test.csproj", "{5DF18DEF-508E-4219-A72D-B368CDE85599}"
EndProject
Project("{2150E333-8FDC-42A3-9474-1A3956D46DE8}") = "Task5", "Task5", "{50966C24-C501-4C2E-940B-F6403AAF3C55}"
EndProject
Project("{FAE04EC0-301F-11D3-BF4B-00C04F79EFBC}") = "Tyuiu.AytuvarovTK.Sprint4.Task5.V28", "Tyuiu.AytuvarovTK.Sprint4.Task5.V28\Tyuiu.AytuvarovTK.Sprint4.Task5.V28.csproj", "{E1F29427-06BE-4F89-9BB3-980B0BC5421A}"
EndProject
Project("{FAE04EC0-301F-11D3-BF4B-00C04F79EFBC}") = "Tyuiu.AytuvarovTK.Sprint4.Task5.V28.Lib", "Tyuiu.AytuvarovTK.Sprint4.Task5.V28.Lib\Tyuiu.AytuvarovTK.Sprint4.Task5.V28.Lib.csproj", "{6CA8FE13-4277-4CF5-8313-CFF2CE0030EA}"
EndProject
Project("{FAE04EC0-301F-11D3-BF4B-00C04F79EFBC}") = "Tyuiu.AytuvarovTK.Sprint4.Task5.V28.Test", "Tyuiu.AytuvarovTK.Sprint4.Task5.V28.Test\Tyuiu.AytuvarovTK.Sprint4.Task5.V28.Test.csproj", "{55B18258-C767-4626-A6C8-CF4173DBD952}"
EndProject
Project("{2150E333-8FDC-42A3-9474-1A3956D46DE8}") = "Task6", "Task6", "{9249B119-A42B-4985-92C8-35E85A4B3CD4}"
EndProject
Project("{FAE04EC0-301F-11D3-BF4B-00C04F79EFBC}") = "Tyuiu.AytuvarovTK.Sprint4.Task6.V13", "Tyuiu.AytuvarovTK.Sprint4.Task6.V13\Tyuiu.AytuvarovTK.Sprint4.Task6.V13.csproj", "{B8BEE9B3-125B-42E1-BFD7-31B5B00A0123}"
EndProject
Project("{FAE04EC0-301F-11D3-BF4B-00C04F79EFBC}") = "Tyuiu.AytuvarovTK.Sprint4.Task6.V13.Lib", "Tyuiu.AytuvarovTK.Sprint4.Task6.V13.Lib\Tyuiu.AytuvarovTK.Sprint4.Task6.V13.Lib.csproj", "{00C2C5B5-CE04-415D-B633-FBEBA68BCCE8}"
EndProject
Project("{FAE04EC0-301F-11D3-BF4B-00C04F79EFBC}") = "Tyuiu.AytuvarovTK.Sprint4.Task6.V13.Test", "Tyuiu.AytuvarovTK.Sprint4.Task6.V13.Test\Tyuiu.AytuvarovTK.Sprint4.Task6.V13.Test.csproj", "{5CABB2F0-0978-4AE4-A2EE-E84573A54629}"
EndProject
Global
	GlobalSection(SolutionConfigurationPlatforms) = preSolution
		Debug|Any CPU = Debug|Any CPU
		Release|Any CPU = Release|Any CPU
	EndGlobalSection
	GlobalSection(ProjectConfigurationPlatforms) = postSolution
		{89C35057-EE26-453E-A5FD-3AA3FB9B8F14}.Debug|Any CPU.ActiveCfg = Debug|Any CPU
		{89C35057-EE26-453E-A5FD-3AA3FB9B8F14}.Debug|Any CPU.Build.0 = Debug|Any CPU
		{89C35057-EE26-453E-A5FD-3AA3FB9B8F14}.Release|Any CPU.ActiveCfg = Release|Any CPU
		{89C35057-EE26-453E-A5FD-3AA3FB9B8F14}.Release|Any CPU.Build.0 = Release|Any CPU
		{E0A061E1-0982-4918-9A0A-D07FDEF895AE}.Debug|Any CPU.ActiveCfg = Debug|Any CPU
		{E0A061E1-0982-4918-9A0A-D07FDEF895AE}.Debug|Any CPU.Build.0 = Debug|Any CPU
		{E0A061E1-0982-4918-9A0A-D07FDEF895AE}.Release|Any CPU.ActiveCfg = Release|Any CPU
		{E0A061E1-0982-4918-9A0A-D07FDEF895AE}.Release|Any CPU.Build.0 = Release|Any CPU
		{4AD7DB0B-713C-4706-85CD-5A8BCE464979}.Debug|Any CPU.ActiveCfg = Debug|Any CPU
		{4AD7DB0B-713C-4706-85CD-5A8BCE464979}.Debug|Any CPU.Build.0 = Debug|Any CPU
		{4AD7DB0B-713C-4706-85CD-5A8BCE464979}.Release|Any CPU.ActiveCfg = Release|Any CPU
		{4AD7DB0B-713C-4706-85CD-5A8BCE464979}.Release|Any CPU.Build.0 = Release|Any CPU
		{9A95407F-3A36-4F3B-9143-3DAEC8387895}.Debug|Any CPU.ActiveCfg = Debug|Any CPU
		{9A95407F-3A36-4F3B-9143-3DAEC8387895}.Debug|Any CPU.Build.0 = Debug|Any CPU
		{9A95407F-3A36-4F3B-9143-3DAEC8387895}.Release|Any CPU.ActiveCfg = Release|Any CPU
		{9A95407F-3A36-4F3B-9143-3DAEC8387895}.Release|Any CPU.Build.0 = Release|Any CPU
		{4D9B0BB7-B512-4960-A9F3-08D8623703B4}.Debug|Any CPU.ActiveCfg = Debug|Any CPU
		{4D9B0BB7-B512-4960-A9F3-08D8623703B4}.Debug|Any CPU.Build.0 = Debug|Any CPU
		{4D9B0BB7-B512-4960-A9F3-08D8623703B4}.Release|Any CPU.ActiveCfg = Release|Any CPU
		{4D9B0BB7-B512-4960-A9F3-08D8623703B4}.Release|Any CPU.Build.0 = Release|Any CPU
		{92D364AA-DA92-4281-AFE2-75865C083113}.Debug|Any CPU.ActiveCfg = Debug|Any CPU
		{92D364AA-DA92-4281-AFE2-75865C083113}.Debug|Any CPU.Build.0 = Debug|Any CPU
		{92D364AA-DA92-4281-AFE2-75865C083113}.Release|Any CPU.ActiveCfg = Release|Any CPU
		{92D364AA-DA92-4281-AFE2-75865C083113}.Release|Any CPU.Build.0 = Release|Any CPU
		{8755BA29-1CB1-4967-9B54-F84D0FF30EFF}.Debug|Any CPU.ActiveCfg = Debug|Any CPU
		{8755BA29-1CB1-4967-9B54-F84D0FF30EFF}.Debug|Any CPU.Build.0 = Debug|Any CPU
		{8755BA29-1CB1-4967-9B54-F84D0FF30EFF}.Release|Any CPU.ActiveCfg = Release|Any CPU
		{8755BA29-1CB1-4967-9B54-F84D0FF30EFF}.Release|Any CPU.Build.0 = Release|Any CPU
		{21981E52-A55B-4F39-B7AE-534DFF532D4C}.Debug|Any CPU.ActiveCfg = Debug|Any CPU
		{21981E52-A55B-4F39-B7AE-534DFF532D4C}.Debug|Any CPU.Build.0 = Debug|Any CPU
		{21981E52-A55B-4F39-B7AE-534DFF532D4C}.Release|Any CPU.ActiveCfg = Release|Any CPU
		{21981E52-A55B-4F39-B7AE-534DFF532D4C}.Release|Any CPU.Build.0 = Release|Any CPU
		{87B04ED6-7EB7-4BFD-BE92-302B0098DDE3}.Debug|Any CPU.ActiveCfg = Debug|Any CPU
		{87B04ED6-7EB7-4BFD-BE92-302B0098DDE3}.Debug|Any CPU.Build.0 = Debug|Any CPU
		{87B04ED6-7EB7-4BFD-BE92-302B0098DDE3}.Release|Any CPU.ActiveCfg = Release|Any CPU
		{87B04ED6-7EB7-4BFD-BE92-302B0098DDE3}.Release|Any CPU.Build.0 = Release|Any CPU
		{C0E2B144-CF6C-4F8D-BB21-BCF94D736722}.Debug|Any CPU.ActiveCfg = Debug|Any CPU
		{C0E2B144-CF6C-4F8D-BB21-BCF94D736722}.Debug|Any CPU.Build.0 = Debug|Any CPU
		{C0E2B144-CF6C-4F8D-BB21-BCF94D736722}.Release|Any CPU.ActiveCfg = Release|Any CPU
		{C0E2B144-CF6C-4F8D-BB21-BCF94D736722}.Release|Any CPU.Build.0 = Release|Any CPU
		{CE8E6AA5-B165-4B48-A2A1-FD77E01360D0}.Debug|Any CPU.ActiveCfg = Debug|Any CPU
		{CE8E6AA5-B165-4B48-A2A1-FD77E01360D0}.Debug|Any CPU.Build.0 = Debug|Any CPU
		{CE8E6AA5-B165-4B48-A2A1-FD77E01360D0}.Release|Any CPU.ActiveCfg = Release|Any CPU
		{CE8E6AA5-B165-4B48-A2A1-FD77E01360D0}.Release|Any CPU.Build.0 = Release|Any CPU
		{B50F1456-5B45-4CA1-8A98-F0BB4D363D57}.Debug|Any CPU.ActiveCfg = Debug|Any CPU
		{B50F1456-5B45-4CA1-8A98-F0BB4D363D57}.Debug|Any CPU.Build.0 = Debug|Any CPU
		{B50F1456-5B45-4CA1-8A98-F0BB4D363D57}.Release|Any CPU.ActiveCfg = Release|Any CPU
		{B50F1456-5B45-4CA1-8A98-F0BB4D363D57}.Release|Any CPU.Build.0 = Release|Any CPU
		{55319C5C-EB87-490C-BA63-A8C6E7C00F3E}.Debug|Any CPU.ActiveCfg = Debug|Any CPU
		{55319C5C-EB87-490C-BA63-A8C6E7C00F3E}.Debug|Any CPU.Build.0 = Debug|Any CPU
		{55319C5C-EB87-490C-BA63-A8C6E7C00F3E}.Release|Any CPU.ActiveCfg = Release|Any CPU
		{55319C5C-EB87-490C-BA63-A8C6E7C00F3E}.Release|Any CPU.Build.0 = Release|Any CPU
		{8BB73DD4-74A1-4429-A91F-193ED8D2E8F9}.Debug|Any CPU.ActiveCfg = Debug|Any CPU
		{8BB73DD4-74A1-4429-A91F-193ED8D2E8F9}.Debug|Any CPU.Build.0 = Debug|Any CPU
		{8BB73DD4-74A1-4429-A91F-193ED8D2E8F9}.Release|Any CPU.ActiveCfg = Release|Any CPU
		{8BB73DD4-74A1-4429-A91F-193ED8D2E8F9}.Release|Any CPU.Build.0 = Release|Any CPU
		{5DF18DEF-508E-4219-A72D-B368CDE85599}.Debug|Any CPU.ActiveCfg = Debug|Any CPU
		{5DF18DEF-508E-4219-A72D-B368CDE85599}.Debug|Any CPU.Build.0 = Debug|Any CPU
		{5DF18DEF-508E-4219-A72D-B368CDE85599}.Release|Any CPU.ActiveCfg = Release|Any CPU
		{5DF18DEF-508E-4219-A72D-B368CDE85599}.Release|Any CPU.Build.0 = Release|Any CPU
		{E1F29427-06BE-4F89-9BB3-980B0BC5421A}.Debug|Any CPU.ActiveCfg = Debug|Any CPU
		{E1F29427-06BE-4F89-9BB3-980B0BC5421A}.Debug|Any CPU.Build.0 = Debug|Any CPU
		{E1F29427-06BE-4F89-9BB3-980B0BC5421A}.Release|Any CPU.ActiveCfg = Release|Any CPU
		{E1F29427-06BE-4F89-9BB3-980B0BC5421A}.Release|Any CPU.Build.0 = Release|Any CPU
		{6CA8FE13-4277-4CF5-8313-CFF2CE0030EA}.Debug|Any CPU.ActiveCfg = Debug|Any CPU
		{6CA8FE13-4277-4CF5-8313-CFF2CE0030EA}.Debug|Any CPU.Build.0 = Debug|Any CPU
		{6CA8FE13-4277-4CF5-8313-CFF2CE0030EA}.Release|Any CPU.ActiveCfg = Release|Any CPU
		{6CA8FE13-4277-4CF5-8313-CFF2CE0030EA}.Release|Any CPU.Build.0 = Release|Any CPU
		{55B18258-C767-4626-A6C8-CF4173DBD952}.Debug|Any CPU.ActiveCfg = Debug|Any CPU
		{55B18258-C767-4626-A6C8-CF4173DBD952}.Debug|Any CPU.Build.0 = Debug|Any CPU
		{55B18258-C767-4626-A6C8-CF4173DBD952}.Release|Any CPU.ActiveCfg = Release|Any CPU
		{55B18258-C767-4626-A6C8-CF4173DBD952}.Release|Any CPU.Build.0 = Release|Any CPU
		{B8BEE9B3-125B-42E1-BFD7-31B5B00A0123}.Debug|Any CPU.ActiveCfg = Debug|Any CPU
		{B8BEE9B3-125B-42E1-BFD7-31B5B00A0123}.Debug|Any CPU.Build.0 = Debug|Any CPU
		{B8BEE9B3-125B-42E1-BFD7-31B5B00A0123}.Release|Any CPU.ActiveCfg = Release|Any CPU
		{B8BEE9B3-125B-42E1-BFD7-31B5B00A0123}.Release|Any CPU.Build.0 = Release|Any CPU
		{00C2C5B5-CE04-415D-B633-FBEBA68BCCE8}.Debug|Any CPU.ActiveCfg = Debug|Any CPU
		{00C2C5B5-CE04-415D-B633-FBEBA68BCCE8}.Debug|Any CPU.Build.0 = Debug|Any CPU
		{00C2C5B5-CE04-415D-B633-FBEBA68BCCE8}.Release|Any CPU.ActiveCfg = Release|Any CPU
		{00C2C5B5-CE04-415D-B633-FBEBA68BCCE8}.Release|Any CPU.Build.0 = Release|Any CPU
		{5CABB2F0-0978-4AE4-A2EE-E84573A54629}.Debug|Any CPU.ActiveCfg = Debug|Any CPU
		{5CABB2F0-0978-4AE4-A2EE-E84573A54629}.Debug|Any CPU.Build.0 = Debug|Any CPU
		{5CABB2F0-0978-4AE4-A2EE-E84573A54629}.Release|Any CPU.ActiveCfg = Release|Any CPU
		{5CABB2F0-0978-4AE4-A2EE-E84573A54629}.Release|Any CPU.Build.0 = Release|Any CPU
	EndGlobalSection
	GlobalSection(SolutionProperties) = preSolution
		HideSolutionNode = FALSE
	EndGlobalSection
	GlobalSection(NestedProjects) = preSolution
		{89C35057-EE26-453E-A5FD-3AA3FB9B8F14} = {02EA681E-C7D8-13C7-8484-4AC65E1B71E8}
		{E0A061E1-0982-4918-9A0A-D07FDEF895AE} = {02EA681E-C7D8-13C7-8484-4AC65E1B71E8}
		{4AD7DB0B-713C-4706-85CD-5A8BCE464979} = {02EA681E-C7D8-13C7-8484-4AC65E1B71E8}
		{9A95407F-3A36-4F3B-9143-3DAEC8387895} = {AF091835-7E88-42DB-AD7E-B7183020B820}
		{4D9B0BB7-B512-4960-A9F3-08D8623703B4} = {AF091835-7E88-42DB-AD7E-B7183020B820}
		{92D364AA-DA92-4281-AFE2-75865C083113} = {AF091835-7E88-42DB-AD7E-B7183020B820}
		{8755BA29-1CB1-4967-9B54-F84D0FF30EFF} = {C5F81718-D30B-4B7F-98B5-C56E73D57A43}
		{21981E52-A55B-4F39-B7AE-534DFF532D4C} = {C5F81718-D30B-4B7F-98B5-C56E73D57A43}
		{87B04ED6-7EB7-4BFD-BE92-302B0098DDE3} = {C5F81718-D30B-4B7F-98B5-C56E73D57A43}
		{C0E2B144-CF6C-4F8D-BB21-BCF94D736722} = {C8A7FFEB-E771-460D-BF02-228B26A1D595}
		{CE8E6AA5-B165-4B48-A2A1-FD77E01360D0} = {C8A7FFEB-E771-460D-BF02-228B26A1D595}
		{B50F1456-5B45-4CA1-8A98-F0BB4D363D57} = {C8A7FFEB-E771-460D-BF02-228B26A1D595}
		{55319C5C-EB87-490C-BA63-A8C6E7C00F3E} = {2D64229B-8F25-4FB0-9F43-DAC6BCEA21CB}
		{8BB73DD4-74A1-4429-A91F-193ED8D2E8F9} = {2D64229B-8F25-4FB0-9F43-DAC6BCEA21CB}
		{5DF18DEF-508E-4219-A72D-B368CDE85599} = {2D64229B-8F25-4FB0-9F43-DAC6BCEA21CB}
		{E1F29427-06BE-4F89-9BB3-980B0BC5421A} = {50966C24-C501-4C2E-940B-F6403AAF3C55}
		{6CA8FE13-4277-4CF5-8313-CFF2CE0030EA} = {50966C24-C501-4C2E-940B-F6403AAF3C55}
		{55B18258-C767-4626-A6C8-CF4173DBD952} = {50966C24-C501-4C2E-940B-F6403AAF3C55}
		{B8BEE9B3-125B-42E1-BFD7-31B5B00A0123} = {9249B119-A42B-4985-92C8-35E85A4B3CD4}
		{00C2C5B5-CE04-415D-B633-FBEBA68BCCE8} = {9249B119-A42B-4985-92C8-35E85A4B3CD4}
		{5CABB2F0-0978-4AE4-A2EE-E84573A54629} = {9249B119-A42B-4985-92C8-35E85A4B3CD4}
	EndGlobalSection
	GlobalSection(ExtensibilityGlobals) = postSolution
		SolutionGuid = {4BF5AF37-8F1F-45C2-A867-57BE6345112C}
	EndGlobalSection
EndGlobal
