
Microsoft Visual Studio Solution File, Format Version 12.00
# Visual Studio Version 17
VisualStudioVersion = 17.14.36511.14 d17.14
MinimumVisualStudioVersion = 10.0.40219.1
Project("{2150E333-8FDC-42A3-9474-1A3956D46DE8}") = "Task0", "Task0", "{02EA681E-C7D8-13C7-8484-4AC65E1B71E8}"
EndProject
Project("{FAE04EC0-301F-11D3-BF4B-00C04F79EFBC}") = "Tyuiu.AytuvarovTK.Sprint4.Task0.V13", "Tyuiu.AytuvarovTK.Sprint4.Task0.V13\Tyuiu.AytuvarovTK.Sprint4.Task0.V13.csproj", "{89C35057-EE26-453E-A5FD-3AA3FB9B8F14}"
EndProject
Project("{FAE04EC0-301F-11D3-BF4B-00C04F79EFBC}") = "Tyuiu.AytuvarovTK.Sprint4.Task0.V13.Lib", "Tyuiu.AytuvarovTK.Sprint4.Task0.V13.Lib\Tyuiu.AytuvarovTK.Sprint4.Task0.V13.Lib.csproj", "{E0A061E1-0982-4918-9A0A-D07FDEF895AE}"
EndProject
Project("{FAE04EC0-301F-11D3-BF4B-00C04F79EFBC}") = "Tyuiu.AytuvarovTK.Sprint4.Task0.V13.Test", "Tyuiu.AytuvarovTK.Sprint4.Task0.V13.Test\Tyuiu.AytuvarovTK.Sprint4.Task0.V13.Test.csproj", "{4AD7DB0B-713C-4706-85CD-5A8BCE464979}"
EndProject
Project("{2150E333-8FDC-42A3-9474-1A3956D46DE8}") = "Task1", "Task1", "{AF091835-7E88-42DB-AD7E-B7183020B820}"
EndProject
Project("{FAE04EC0-301F-11D3-BF4B-00C04F79EFBC}") = "Tyuiu.AytuvarovTK.Sprint4.Task1.V21", "Tyuiu.AytuvarovTK.Sprint4.Task1.V21\Tyuiu.AytuvarovTK.Sprint4.Task1.V21.csproj", "{9A95407F-3A36-4F3B-9143-3DAEC8387895}"
EndProject
Project("{FAE04EC0-301F-11D3-BF4B-00C04F79EFBC}") = "Tyuiu.AytuvarovTK.Sprint4.Task1.V21.Lib", "Tyuiu.AytuvarovTK.Sprint4.Task1.V21.Lib\Tyuiu.AytuvarovTK.Sprint4.Task1.V21.Lib.csproj", "{4D9B0BB7-B512-4960-A9F3-08D8623703B4}"
EndProject
Project("{FAE04EC0-301F-11D3-BF4B-00C04F79EFBC}") = "Tyuiu.AytuvarovTK.Sprint4.Task1.V21.Test", "Tyuiu.AytuvarovTK.Sprint4.Task1.V21.Test\Tyuiu.AytuvarovTK.Sprint4.Task1.V21.Test.csproj", "{92D364AA-DA92-4281-AFE2-75865C083113}"
EndProject
Global
	GlobalSection(SolutionConfigurationPlatforms) = preSolution
		Debug|Any CPU = Debug|Any CPU
		Release|Any CPU = Release|Any CPU
	EndGlobalSection
	GlobalSection(ProjectConfigurationPlatforms) = postSolution
		{89C35057-EE26-453E-A5FD-3AA3FB9B8F14}.Debug|Any CPU.ActiveCfg = Debug|Any CPU
		{89C35057-EE26-453E-A5FD-3AA3FB9B8F14}.Debug|Any CPU.Build.0 = Debug|Any CPU
		{89C35057-EE26-453E-A5FD-3AA3FB9B8F14}.Release|Any CPU.ActiveCfg = Release|Any CPU
		{89C35057-EE26-453E-A5FD-3AA3FB9B8F14}.Release|Any CPU.Build.0 = Release|Any CPU
		{E0A061E1-0982-4918-9A0A-D07FDEF895AE}.Debug|Any CPU.ActiveCfg = Debug|Any CPU
		{E0A061E1-0982-4918-9A0A-D07FDEF895AE}.Debug|Any CPU.Build.0 = Debug|Any CPU
		{E0A061E1-0982-4918-9A0A-D07FDEF895AE}.Release|Any CPU.ActiveCfg = Release|Any CPU
		{E0A061E1-0982-4918-9A0A-D07FDEF895AE}.Release|Any CPU.Build.0 = Release|Any CPU
		{4AD7DB0B-713C-4706-85CD-5A8BCE464979}.Debug|Any CPU.ActiveCfg = Debug|Any CPU
		{4AD7DB0B-713C-4706-85CD-5A8BCE464979}.Debug|Any CPU.Build.0 = Debug|Any CPU
		{4AD7DB0B-713C-4706-85CD-5A8BCE464979}.Release|Any CPU.ActiveCfg = Release|Any CPU
		{4AD7DB0B-713C-4706-85CD-5A8BCE464979}.Release|Any CPU.Build.0 = Release|Any CPU
		{9A95407F-3A36-4F3B-9143-3DAEC8387895}.Debug|Any CPU.ActiveCfg = Debug|Any CPU
		{9A95407F-3A36-4F3B-9143-3DAEC8387895}.Debug|Any CPU.Build.0 = Debug|Any CPU
		{9A95407F-3A36-4F3B-9143-3DAEC8387895}.Release|Any CPU.ActiveCfg = Release|Any CPU
		{9A95407F-3A36-4F3B-9143-3DAEC8387895}.Release|Any CPU.Build.0 = Release|Any CPU
		{4D9B0BB7-B512-4960-A9F3-08D8623703B4}.Debug|Any CPU.ActiveCfg = Debug|Any CPU
		{4D9B0BB7-B512-4960-A9F3-08D8623703B4}.Debug|Any CPU.Build.0 = Debug|Any CPU
		{4D9B0BB7-B512-4960-A9F3-08D8623703B4}.Release|Any CPU.ActiveCfg = Release|Any CPU
		{4D9B0BB7-B512-4960-A9F3-08D8623703B4}.Release|Any CPU.Build.0 = Release|Any CPU
		{92D364AA-DA92-4281-AFE2-75865C083113}.Debug|Any CPU.ActiveCfg = Debug|Any CPU
		{92D364AA-DA92-4281-AFE2-75865C083113}.Debug|Any CPU.Build.0 = Debug|Any CPU
		{92D364AA-DA92-4281-AFE2-75865C083113}.Release|Any CPU.ActiveCfg = Release|Any CPU
		{92D364AA-DA92-4281-AFE2-75865C083113}.Release|Any CPU.Build.0 = Release|Any CPU
	EndGlobalSection
	GlobalSection(SolutionProperties) = preSolution
		HideSolutionNode = FALSE
	EndGlobalSection
	GlobalSection(NestedProjects) = preSolution
		{89C35057-EE26-453E-A5FD-3AA3FB9B8F14} = {02EA681E-C7D8-13C7-8484-4AC65E1B71E8}
		{E0A061E1-0982-4918-9A0A-D07FDEF895AE} = {02EA681E-C7D8-13C7-8484-4AC65E1B71E8}
		{4AD7DB0B-713C-4706-85CD-5A8BCE464979} = {02EA681E-C7D8-13C7-8484-4AC65E1B71E8}
		{9A95407F-3A36-4F3B-9143-3DAEC8387895} = {AF091835-7E88-42DB-AD7E-B7183020B820}
		{4D9B0BB7-B512-4960-A9F3-08D8623703B4} = {AF091835-7E88-42DB-AD7E-B7183020B820}
		{92D364AA-DA92-4281-AFE2-75865C083113} = {AF091835-7E88-42DB-AD7E-B7183020B820}
	EndGlobalSection
	GlobalSection(ExtensibilityGlobals) = postSolution
		SolutionGuid = {4BF5AF37-8F1F-45C2-A867-57BE6345112C}
	EndGlobalSection
EndGlobal
